github.com/eatmoreapple/openwechat v1.4.10 h1:Wx1+Eulb8yXY7t9J8FCzaLu2tvRPT0leTskdNOsUXj0=
github.com/eatmoreapple/openwechat v1.4.10/go.mod h1:h4m2N8m0XsUKlm7UR8BUGkV89GNuKHCnlGV3J8n9Mpw=
github.com/gorilla/websocket v1.5.3 h1:saDtZ6Pbx/0u+bgYQ3q96pZgCzfhKXGPqt7kZ72aNNg=
github.com/gorilla/websocket v1.5.3/go.mod h1:YR8l580nyteQvAITg2hZ9XVh4b55+EU/adAjf1fMHhE=
