
Microsoft Visual Studio Solution File, Format Version 12.00
# Visual Studio Version 18
VisualStudioVersion = 18.3.11312.210 d18.3
MinimumVisualStudioVersion = 10.0.40219.1
Project("{FAE04EC0-301F-11D3-BF4B-00C04F79EFBC}") = "BotMatrix.SDK", "BotMatrix.SDK.csproj", "{47123329-EB14-5EE7-A489-1ABF50AC9BC2}"
EndProject
Global
	GlobalSection(SolutionConfigurationPlatforms) = preSolution
		Debug|Any CPU = Debug|Any CPU
		Release|Any CPU = Release|Any CPU
	EndGlobalSection
	GlobalSection(ProjectConfigurationPlatforms) = postSolution
		{47123329-EB14-5EE7-A489-1ABF50AC9BC2}.Debug|Any CPU.ActiveCfg = Debug|Any CPU
		{47123329-EB14-5EE7-A489-1ABF50AC9BC2}.Debug|Any CPU.Build.0 = Debug|Any CPU
		{47123329-EB14-5EE7-A489-1ABF50AC9BC2}.Release|Any CPU.ActiveCfg = Release|Any CPU
		{47123329-EB14-5EE7-A489-1ABF50AC9BC2}.Release|Any CPU.Build.0 = Release|Any CPU
	EndGlobalSection
	GlobalSection(SolutionProperties) = preSolution
		HideSolutionNode = FALSE
	EndGlobalSection
	GlobalSection(ExtensibilityGlobals) = postSolution
		SolutionGuid = {49B970FA-C13B-419F-8B90-0349982CD1AB}
	EndGlobalSection
EndGlobal
